
Microsoft Visual Studio Solution File, Format Version 12.00
# Visual Studio Version 17
VisualStudioVersion = 17.8.34309.116
MinimumVisualStudioVersion = 10.0.40219.1
Project("{FAE04EC0-301F-11D3-BF4B-00C04F79EFBC}") = "CrudBasicoMongoDB", "CrudBasicoMongoDB\CrudBasicoMongoDB.csproj", "{43737768-8A8A-4614-ACA2-1C10013F80E1}"
EndProject
Global
	GlobalSection(SolutionConfigurationPlatforms) = preSolution
		Debug|Any CPU = Debug|Any CPU
		Release|Any CPU = Release|Any CPU
	EndGlobalSection
	GlobalSection(ProjectConfigurationPlatforms) = postSolution
		{43737768-8A8A-4614-ACA2-1C10013F80E1}.Debug|Any CPU.ActiveCfg = Debug|Any CPU
		{43737768-8A8A-4614-ACA2-1C10013F80E1}.Debug|Any CPU.Build.0 = Debug|Any CPU
		{43737768-8A8A-4614-ACA2-1C10013F80E1}.Release|Any CPU.ActiveCfg = Release|Any CPU
		{43737768-8A8A-4614-ACA2-1C10013F80E1}.Release|Any CPU.Build.0 = Release|Any CPU
	EndGlobalSection
	GlobalSection(SolutionProperties) = preSolution
		HideSolutionNode = FALSE
	EndGlobalSection
	GlobalSection(ExtensibilityGlobals) = postSolution
		SolutionGuid = {32FBC089-A42D-4420-BCB0-B3E0CA19A5CE}
	EndGlobalSection
EndGlobal
